Microsoft Visual Studio Solution File, Format Version 12.00
# Visual Studio 14
VisualStudioVersion = 14.0.24720.0
MinimumVisualStudioVersion = 10.0.40219.1
Project("{8BC9CEB8-8B4A-11D0-8D11-00A0C91BC942}") = "ALL_BUILD", "ALL_BUILD.vcxproj", "{4D825A4E-4BAD-3E28-965C-C562E0E28463}"
	ProjectSection(ProjectDependencies) = postProject
		{377B70A1-2A8B-3860-9F79-338795131D94} = {377B70A1-2A8B-3860-9F79-338795131D94}
		{277638A8-B300-3D46-88B9-BD4D06DF6941} = {277638A8-B300-3D46-88B9-BD4D06DF6941}
		{82CC6EAF-92C4-34B8-AEFE-3BA9BB9A5FDF} = {82CC6EAF-92C4-34B8-AEFE-3BA9BB9A5FDF}
		{5F82FA04-38F6-323E-8BAC-262479FCB512} = {5F82FA04-38F6-323E-8BAC-262479FCB512}
		{EA3CDBF9-C46C-394C-8262-386917A2A9BC} = {EA3CDBF9-C46C-394C-8262-386917A2A9BC}
		{79433BC7-7EC6-3BF4-A9B6-3F13B62045CE} = {79433BC7-7EC6-3BF4-A9B6-3F13B62045CE}
		{46B72EC6-5ABD-394A-9BBA-ADDAEE3F85D2} = {46B72EC6-5ABD-394A-9BBA-ADDAEE3F85D2}
	EndProjectSection
EndProject
Project("{8BC9CEB8-8B4A-11D0-8D11-00A0C91BC942}") = "INSTALL", "INSTALL.vcxproj", "{F8FB66FD-DEEF-3FA6-A449-D6081F60BB73}"
	ProjectSection(ProjectDependencies) = postProject
		{4D825A4E-4BAD-3E28-965C-C562E0E28463} = {4D825A4E-4BAD-3E28-965C-C562E0E28463}
	EndProjectSection
EndProject
Project("{8BC9CEB8-8B4A-11D0-8D11-00A0C91BC942}") = "ZERO_CHECK", "ZERO_CHECK.vcxproj", "{377B70A1-2A8B-3860-9F79-338795131D94}"
EndProject
Project("{8BC9CEB8-8B4A-11D0-8D11-00A0C91BC942}") = "glew", "glew.vcxproj", "{277638A8-B300-3D46-88B9-BD4D06DF6941}"
	ProjectSection(ProjectDependencies) = postProject
		{377B70A1-2A8B-3860-9F79-338795131D94} = {377B70A1-2A8B-3860-9F79-338795131D94}
	EndProjectSection
EndProject
Project("{8BC9CEB8-8B4A-11D0-8D11-00A0C91BC942}") = "glew_s", "glew_s.vcxproj", "{82CC6EAF-92C4-34B8-AEFE-3BA9BB9A5FDF}"
	ProjectSection(ProjectDependencies) = postProject
		{377B70A1-2A8B-3860-9F79-338795131D94} = {377B70A1-2A8B-3860-9F79-338795131D94}
	EndProjectSection
EndProject
Project("{8BC9CEB8-8B4A-11D0-8D11-00A0C91BC942}") = "glewinfo", "glewinfo.vcxproj", "{5F82FA04-38F6-323E-8BAC-262479FCB512}"
	ProjectSection(ProjectDependencies) = postProject
		{377B70A1-2A8B-3860-9F79-338795131D94} = {377B70A1-2A8B-3860-9F79-338795131D94}
		{277638A8-B300-3D46-88B9-BD4D06DF6941} = {277638A8-B300-3D46-88B9-BD4D06DF6941}
	EndProjectSection
EndProject
Project("{8BC9CEB8-8B4A-11D0-8D11-00A0C91BC942}") = "glewmx", "glewmx.vcxproj", "{EA3CDBF9-C46C-394C-8262-386917A2A9BC}"
	ProjectSection(ProjectDependencies) = postProject
		{377B70A1-2A8B-3860-9F79-338795131D94} = {377B70A1-2A8B-3860-9F79-338795131D94}
	EndProjectSection
EndProject
Project("{8BC9CEB8-8B4A-11D0-8D11-00A0C91BC942}") = "glewmx_s", "glewmx_s.vcxproj", "{79433BC7-7EC6-3BF4-A9B6-3F13B62045CE}"
	ProjectSection(ProjectDependencies) = postProject
		{377B70A1-2A8B-3860-9F79-338795131D94} = {377B70A1-2A8B-3860-9F79-338795131D94}
	EndProjectSection
EndProject
Project("{8BC9CEB8-8B4A-11D0-8D11-00A0C91BC942}") = "visualinfo", "visualinfo.vcxproj", "{46B72EC6-5ABD-394A-9BBA-ADDAEE3F85D2}"
	ProjectSection(ProjectDependencies) = postProject
		{377B70A1-2A8B-3860-9F79-338795131D94} = {377B70A1-2A8B-3860-9F79-338795131D94}
		{277638A8-B300-3D46-88B9-BD4D06DF6941} = {277638A8-B300-3D46-88B9-BD4D06DF6941}
	EndProjectSection
EndProject
Global
	GlobalSection(SolutionConfigurationPlatforms) = preSolution
		Debug|Win32 = Debug|Win32
		Debug|x64 = Debug|x64
		MinSizeRel|Win32 = MinSizeRel|Win32
		MinSizeRel|x64 = MinSizeRel|x64
		Release|Win32 = Release|Win32
		Release|x64 = Release|x64
		RelWithDebInfo|Win32 = RelWithDebInfo|Win32
		RelWithDebInfo|x64 = RelWithDebInfo|x64
	EndGlobalSection
	GlobalSection(ProjectConfigurationPlatforms) = postSolution
		{4D825A4E-4BAD-3E28-965C-C562E0E28463}.Debug|Win32.ActiveCfg = Debug|Win32
		{4D825A4E-4BAD-3E28-965C-C562E0E28463}.Debug|Win32.Build.0 = Debug|Win32
		{4D825A4E-4BAD-3E28-965C-C562E0E28463}.Debug|x64.ActiveCfg = Debug|x64
		{4D825A4E-4BAD-3E28-965C-C562E0E28463}.Debug|x64.Build.0 = Debug|x64
		{4D825A4E-4BAD-3E28-965C-C562E0E28463}.MinSizeRel|Win32.ActiveCfg = MinSizeRel|Win32
		{4D825A4E-4BAD-3E28-965C-C562E0E28463}.MinSizeRel|Win32.Build.0 = MinSizeRel|Win32
		{4D825A4E-4BAD-3E28-965C-C562E0E28463}.MinSizeRel|x64.ActiveCfg = MinSizeRel|x64
		{4D825A4E-4BAD-3E28-965C-C562E0E28463}.MinSizeRel|x64.Build.0 = MinSizeRel|x64
		{4D825A4E-4BAD-3E28-965C-C562E0E28463}.Release|Win32.ActiveCfg = Release|Win32
		{4D825A4E-4BAD-3E28-965C-C562E0E28463}.Release|Win32.Build.0 = Release|Win32
		{4D825A4E-4BAD-3E28-965C-C562E0E28463}.Release|x64.ActiveCfg = Release|x64
		{4D825A4E-4BAD-3E28-965C-C562E0E28463}.Release|x64.Build.0 = Release|x64
		{4D825A4E-4BAD-3E28-965C-C562E0E28463}.RelWithDebInfo|Win32.ActiveCfg = RelWithDebInfo|Win32
		{4D825A4E-4BAD-3E28-965C-C562E0E28463}.RelWithDebInfo|Win32.Build.0 = RelWithDebInfo|Win32
		{4D825A4E-4BAD-3E28-965C-C562E0E28463}.RelWithDebInfo|x64.ActiveCfg = RelWithDebInfo|x64
		{4D825A4E-4BAD-3E28-965C-C562E0E28463}.RelWithDebInfo|x64.Build.0 = RelWithDebInfo|x64
		{F8FB66FD-DEEF-3FA6-A449-D6081F60BB73}.Debug|Win32.ActiveCfg = Debug|Win32
		{F8FB66FD-DEEF-3FA6-A449-D6081F60BB73}.Debug|x64.ActiveCfg = Debug|x64
		{F8FB66FD-DEEF-3FA6-A449-D6081F60BB73}.MinSizeRel|Win32.ActiveCfg = MinSizeRel|Win32
		{F8FB66FD-DEEF-3FA6-A449-D6081F60BB73}.MinSizeRel|x64.ActiveCfg = MinSizeRel|x64
		{F8FB66FD-DEEF-3FA6-A449-D6081F60BB73}.Release|Win32.ActiveCfg = Release|Win32
		{F8FB66FD-DEEF-3FA6-A449-D6081F60BB73}.Release|x64.ActiveCfg = Release|x64
		{F8FB66FD-DEEF-3FA6-A449-D6081F60BB73}.RelWithDebInfo|Win32.ActiveCfg = RelWithDebInfo|Win32
		{F8FB66FD-DEEF-3FA6-A449-D6081F60BB73}.RelWithDebInfo|x64.ActiveCfg = RelWithDebInfo|x64
		{377B70A1-2A8B-3860-9F79-338795131D94}.Debug|Win32.ActiveCfg = Debug|Win32
		{377B70A1-2A8B-3860-9F79-338795131D94}.Debug|Win32.Build.0 = Debug|Win32
		{377B70A1-2A8B-3860-9F79-338795131D94}.Debug|x64.ActiveCfg = Debug|x64
		{377B70A1-2A8B-3860-9F79-338795131D94}.Debug|x64.Build.0 = Debug|x64
		{377B70A1-2A8B-3860-9F79-338795131D94}.MinSizeRel|Win32.ActiveCfg = MinSizeRel|Win32
		{377B70A1-2A8B-3860-9F79-338795131D94}.MinSizeRel|Win32.Build.0 = MinSizeRel|Win32
		{377B70A1-2A8B-3860-9F79-338795131D94}.MinSizeRel|x64.ActiveCfg = MinSizeRel|x64
		{377B70A1-2A8B-3860-9F79-338795131D94}.MinSizeRel|x64.Build.0 = MinSizeRel|x64
		{377B70A1-2A8B-3860-9F79-338795131D94}.Release|Win32.ActiveCfg = Release|Win32
		{377B70A1-2A8B-3860-9F79-338795131D94}.Release|Win32.Build.0 = Release|Win32
		{377B70A1-2A8B-3860-9F79-338795131D94}.Release|x64.ActiveCfg = Release|x64
		{377B70A1-2A8B-3860-9F79-338795131D94}.Release|x64.Build.0 = Release|x64
		{377B70A1-2A8B-3860-9F79-338795131D94}.RelWithDebInfo|Win32.ActiveCfg = RelWithDebInfo|Win32
		{377B70A1-2A8B-3860-9F79-338795131D94}.RelWithDebInfo|Win32.Build.0 = RelWithDebInfo|Win32
		{377B70A1-2A8B-3860-9F79-338795131D94}.RelWithDebInfo|x64.ActiveCfg = RelWithDebInfo|x64
		{377B70A1-2A8B-3860-9F79-338795131D94}.RelWithDebInfo|x64.Build.0 = RelWithDebInfo|x64
		{277638A8-B300-3D46-88B9-BD4D06DF6941}.Debug|Win32.ActiveCfg = Debug|Win32
		{277638A8-B300-3D46-88B9-BD4D06DF6941}.Debug|Win32.Build.0 = Debug|Win32
		{277638A8-B300-3D46-88B9-BD4D06DF6941}.Debug|x64.ActiveCfg = Debug|x64
		{277638A8-B300-3D46-88B9-BD4D06DF6941}.Debug|x64.Build.0 = Debug|x64
		{277638A8-B300-3D46-88B9-BD4D06DF6941}.MinSizeRel|Win32.ActiveCfg = MinSizeRel|Win32
		{277638A8-B300-3D46-88B9-BD4D06DF6941}.MinSizeRel|Win32.Build.0 = MinSizeRel|Win32
		{277638A8-B300-3D46-88B9-BD4D06DF6941}.MinSizeRel|x64.ActiveCfg = MinSizeRel|x64
		{277638A8-B300-3D46-88B9-BD4D06DF6941}.MinSizeRel|x64.Build.0 = MinSizeRel|x64
		{277638A8-B300-3D46-88B9-BD4D06DF6941}.Release|Win32.ActiveCfg = Release|Win32
		{277638A8-B300-3D46-88B9-BD4D06DF6941}.Release|Win32.Build.0 = Release|Win32
		{277638A8-B300-3D46-88B9-BD4D06DF6941}.Release|x64.ActiveCfg = Release|x64
		{277638A8-B300-3D46-88B9-BD4D06DF6941}.Release|x64.Build.0 = Release|x64
		{277638A8-B300-3D46-88B9-BD4D06DF6941}.RelWithDebInfo|Win32.ActiveCfg = RelWithDebInfo|Win32
		{277638A8-B300-3D46-88B9-BD4D06DF6941}.RelWithDebInfo|Win32.Build.0 = RelWithDebInfo|Win32
		{277638A8-B300-3D46-88B9-BD4D06DF6941}.RelWithDebInfo|x64.ActiveCfg = RelWithDebInfo|x64
		{277638A8-B300-3D46-88B9-BD4D06DF6941}.RelWithDebInfo|x64.Build.0 = RelWithDebInfo|x64
		{82CC6EAF-92C4-34B8-AEFE-3BA9BB9A5FDF}.Debug|Win32.ActiveCfg = Debug|Win32
		{82CC6EAF-92C4-34B8-AEFE-3BA9BB9A5FDF}.Debug|Win32.Build.0 = Debug|Win32
		{82CC6EAF-92C4-34B8-AEFE-3BA9BB9A5FDF}.Debug|x64.ActiveCfg = Debug|x64
		{82CC6EAF-92C4-34B8-AEFE-3BA9BB9A5FDF}.Debug|x64.Build.0 = Debug|x64
		{82CC6EAF-92C4-34B8-AEFE-3BA9BB9A5FDF}.MinSizeRel|Win32.ActiveCfg = MinSizeRel|Win32
		{82CC6EAF-92C4-34B8-AEFE-3BA9BB9A5FDF}.MinSizeRel|Win32.Build.0 = MinSizeRel|Win32
		{82CC6EAF-92C4-34B8-AEFE-3BA9BB9A5FDF}.MinSizeRel|x64.ActiveCfg = MinSizeRel|x64
		{82CC6EAF-92C4-34B8-AEFE-3BA9BB9A5FDF}.MinSizeRel|x64.Build.0 = MinSizeRel|x64
		{82CC6EAF-92C4-34B8-AEFE-3BA9BB9A5FDF}.Release|Win32.ActiveCfg = Release|Win32
		{82CC6EAF-92C4-34B8-AEFE-3BA9BB9A5FDF}.Release|Win32.Build.0 = Release|Win32
		{82CC6EAF-92C4-34B8-AEFE-3BA9BB9A5FDF}.Release|x64.ActiveCfg = Release|x64
		{82CC6EAF-92C4-34B8-AEFE-3BA9BB9A5FDF}.Release|x64.Build.0 = Release|x64
		{82CC6EAF-92C4-34B8-AEFE-3BA9BB9A5FDF}.RelWithDebInfo|Win32.ActiveCfg = RelWithDebInfo|Win32
		{82CC6EAF-92C4-34B8-AEFE-3BA9BB9A5FDF}.RelWithDebInfo|Win32.Build.0 = RelWithDebInfo|Win32
		{82CC6EAF-92C4-34B8-AEFE-3BA9BB9A5FDF}.RelWithDebInfo|x64.ActiveCfg = RelWithDebInfo|x64
		{82CC6EAF-92C4-34B8-AEFE-3BA9BB9A5FDF}.RelWithDebInfo|x64.Build.0 = RelWithDebInfo|x64
		{5F82FA04-38F6-323E-8BAC-262479FCB512}.Debug|Win32.ActiveCfg = Debug|Win32
		{5F82FA04-38F6-323E-8BAC-262479FCB512}.Debug|Win32.Build.0 = Debug|Win32
		{5F82FA04-38F6-323E-8BAC-262479FCB512}.Debug|x64.ActiveCfg = Debug|x64
		{5F82FA04-38F6-323E-8BAC-262479FCB512}.Debug|x64.Build.0 = Debug|x64
		{5F82FA04-38F6-323E-8BAC-262479FCB512}.MinSizeRel|Win32.ActiveCfg = MinSizeRel|Win32
		{5F82FA04-38F6-323E-8BAC-262479FCB512}.MinSizeRel|Win32.Build.0 = MinSizeRel|Win32
		{5F82FA04-38F6-323E-8BAC-262479FCB512}.MinSizeRel|x64.ActiveCfg = MinSizeRel|x64
		{5F82FA04-38F6-323E-8BAC-262479FCB512}.MinSizeRel|x64.Build.0 = MinSizeRel|x64
		{5F82FA04-38F6-323E-8BAC-262479FCB512}.Release|Win32.ActiveCfg = Release|Win32
		{5F82FA04-38F6-323E-8BAC-262479FCB512}.Release|Win32.Build.0 = Release|Win32
		{5F82FA04-38F6-323E-8BAC-262479FCB512}.Release|x64.ActiveCfg = Release|x64
		{5F82FA04-38F6-323E-8BAC-262479FCB512}.Release|x64.Build.0 = Release|x64
		{5F82FA04-38F6-323E-8BAC-262479FCB512}.RelWithDebInfo|Win32.ActiveCfg = RelWithDebInfo|Win32
		{5F82FA04-38F6-323E-8BAC-262479FCB512}.RelWithDebInfo|Win32.Build.0 = RelWithDebInfo|Win32
		{5F82FA04-38F6-323E-8BAC-262479FCB512}.RelWithDebInfo|x64.ActiveCfg = RelWithDebInfo|x64
		{5F82FA04-38F6-323E-8BAC-262479FCB512}.RelWithDebInfo|x64.Build.0 = RelWithDebInfo|x64
		{EA3CDBF9-C46C-394C-8262-386917A2A9BC}.Debug|Win32.ActiveCfg = Debug|Win32
		{EA3CDBF9-C46C-394C-8262-386917A2A9BC}.Debug|Win32.Build.0 = Debug|Win32
		{EA3CDBF9-C46C-394C-8262-386917A2A9BC}.Debug|x64.ActiveCfg = Debug|x64
		{EA3CDBF9-C46C-394C-8262-386917A2A9BC}.Debug|x64.Build.0 = Debug|x64
		{EA3CDBF9-C46C-394C-8262-386917A2A9BC}.MinSizeRel|Win32.ActiveCfg = MinSizeRel|Win32
		{EA3CDBF9-C46C-394C-8262-386917A2A9BC}.MinSizeRel|Win32.Build.0 = MinSizeRel|Win32
		{EA3CDBF9-C46C-394C-8262-386917A2A9BC}.MinSizeRel|x64.ActiveCfg = MinSizeRel|x64
		{EA3CDBF9-C46C-394C-8262-386917A2A9BC}.MinSizeRel|x64.Build.0 = MinSizeRel|x64
		{EA3CDBF9-C46C-394C-8262-386917A2A9BC}.Release|Win32.ActiveCfg = Release|Win32
		{EA3CDBF9-C46C-394C-8262-386917A2A9BC}.Release|Win32.Build.0 = Release|Win32
		{EA3CDBF9-C46C-394C-8262-386917A2A9BC}.Release|x64.ActiveCfg = Release|x64
		{EA3CDBF9-C46C-394C-8262-386917A2A9BC}.Release|x64.Build.0 = Release|x64
		{EA3CDBF9-C46C-394C-8262-386917A2A9BC}.RelWithDebInfo|Win32.ActiveCfg = RelWithDebInfo|Win32
		{EA3CDBF9-C46C-394C-8262-386917A2A9BC}.RelWithDebInfo|Win32.Build.0 = RelWithDebInfo|Win32
		{EA3CDBF9-C46C-394C-8262-386917A2A9BC}.RelWithDebInfo|x64.ActiveCfg = RelWithDebInfo|x64
		{EA3CDBF9-C46C-394C-8262-386917A2A9BC}.RelWithDebInfo|x64.Build.0 = RelWithDebInfo|x64
		{79433BC7-7EC6-3BF4-A9B6-3F13B62045CE}.Debug|Win32.ActiveCfg = Debug|Win32
		{79433BC7-7EC6-3BF4-A9B6-3F13B62045CE}.Debug|Win32.Build.0 = Debug|Win32
		{79433BC7-7EC6-3BF4-A9B6-3F13B62045CE}.Debug|x64.ActiveCfg = Debug|x64
		{79433BC7-7EC6-3BF4-A9B6-3F13B62045CE}.Debug|x64.Build.0 = Debug|x64
		{79433BC7-7EC6-3BF4-A9B6-3F13B62045CE}.MinSizeRel|Win32.ActiveCfg = MinSizeRel|Win32
		{79433BC7-7EC6-3BF4-A9B6-3F13B62045CE}.MinSizeRel|Win32.Build.0 = MinSizeRel|Win32
		{79433BC7-7EC6-3BF4-A9B6-3F13B62045CE}.MinSizeRel|x64.ActiveCfg = MinSizeRel|x64
		{79433BC7-7EC6-3BF4-A9B6-3F13B62045CE}.MinSizeRel|x64.Build.0 = MinSizeRel|x64
		{79433BC7-7EC6-3BF4-A9B6-3F13B62045CE}.Release|Win32.ActiveCfg = Release|Win32
		{79433BC7-7EC6-3BF4-A9B6-3F13B62045CE}.Release|Win32.Build.0 = Release|Win32
		{79433BC7-7EC6-3BF4-A9B6-3F13B62045CE}.Release|x64.ActiveCfg = Release|x64
		{79433BC7-7EC6-3BF4-A9B6-3F13B62045CE}.Release|x64.Build.0 = Release|x64
		{79433BC7-7EC6-3BF4-A9B6-3F13B62045CE}.RelWithDebInfo|Win32.ActiveCfg = RelWithDebInfo|Win32
		{79433BC7-7EC6-3BF4-A9B6-3F13B62045CE}.RelWithDebInfo|Win32.Build.0 = RelWithDebInfo|Win32
		{79433BC7-7EC6-3BF4-A9B6-3F13B62045CE}.RelWithDebInfo|x64.ActiveCfg = RelWithDebInfo|x64
		{79433BC7-7EC6-3BF4-A9B6-3F13B62045CE}.RelWithDebInfo|x64.Build.0 = RelWithDebInfo|x64
		{46B72EC6-5ABD-394A-9BBA-ADDAEE3F85D2}.Debug|Win32.ActiveCfg = Debug|Win32
		{46B72EC6-5ABD-394A-9BBA-ADDAEE3F85D2}.Debug|Win32.Build.0 = Debug|Win32
		{46B72EC6-5ABD-394A-9BBA-ADDAEE3F85D2}.Debug|x64.ActiveCfg = Debug|x64
		{46B72EC6-5ABD-394A-9BBA-ADDAEE3F85D2}.Debug|x64.Build.0 = Debug|x64
		{46B72EC6-5ABD-394A-9BBA-ADDAEE3F85D2}.MinSizeRel|Win32.ActiveCfg = MinSizeRel|Win32
		{46B72EC6-5ABD-394A-9BBA-ADDAEE3F85D2}.MinSizeRel|Win32.Build.0 = MinSizeRel|Win32
		{46B72EC6-5ABD-394A-9BBA-ADDAEE3F85D2}.MinSizeRel|x64.ActiveCfg = MinSizeRel|x64
		{46B72EC6-5ABD-394A-9BBA-ADDAEE3F85D2}.MinSizeRel|x64.Build.0 = MinSizeRel|x64
		{46B72EC6-5ABD-394A-9BBA-ADDAEE3F85D2}.Release|Win32.ActiveCfg = Release|Win32
		{46B72EC6-5ABD-394A-9BBA-ADDAEE3F85D2}.Release|Win32.Build.0 = Release|Win32
		{46B72EC6-5ABD-394A-9BBA-ADDAEE3F85D2}.Release|x64.ActiveCfg = Release|x64
		{46B72EC6-5ABD-394A-9BBA-ADDAEE3F85D2}.Release|x64.Build.0 = Release|x64
		{46B72EC6-5ABD-394A-9BBA-ADDAEE3F85D2}.RelWithDebInfo|Win32.ActiveCfg = RelWithDebInfo|Win32
		{46B72EC6-5ABD-394A-9BBA-ADDAEE3F85D2}.RelWithDebInfo|Win32.Build.0 = RelWithDebInfo|Win32
		{46B72EC6-5ABD-394A-9BBA-ADDAEE3F85D2}.RelWithDebInfo|x64.ActiveCfg = RelWithDebInfo|x64
		{46B72EC6-5ABD-394A-9BBA-ADDAEE3F85D2}.RelWithDebInfo|x64.Build.0 = RelWithDebInfo|x64
	EndGlobalSection
	GlobalSection(SolutionProperties) = preSolution
		HideSolutionNode = FALSE
	EndGlobalSection
EndGlobal
