<?xml version="1.0" encoding="utf-8"?>
<Project ToolsVersion="14.0" xmlns="http://schemas.microsoft.com/developer/msbuild/2003">
  <ItemGroup>
    <ClCompile Include="..\SDL2-2.0.4\src\libm\e_atan2.c">
      <Filter>SDL2</Filter>
    </ClCompile>
    <ClCompile Include="..\SDL2-2.0.4\src\libm\e_log.c">
      <Filter>SDL2</Filter>
    </ClCompile>
    <ClCompile Include="..\SDL2-2.0.4\src\libm\e_pow.c">
      <Filter>SDL2</Filter>
    </ClCompile>
    <ClCompile Include="..\SDL2-2.0.4\src\libm\e_rem_pio2.c">
      <Filter>SDL2</Filter>
    </ClCompile>
    <ClCompile Include="..\SDL2-2.0.4\src\libm\e_sqrt.c">
      <Filter>SDL2</Filter>
    </ClCompile>
    <ClCompile Include="..\SDL2-2.0.4\src\libm\k_cos.c">
      <Filter>SDL2</Filter>
    </ClCompile>
    <ClCompile Include="..\SDL2-2.0.4\src\libm\k_rem_pio2.c">
      <Filter>SDL2</Filter>
    </ClCompile>
    <ClCompile Include="..\SDL2-2.0.4\src\libm\k_sin.c">
      <Filter>SDL2</Filter>
    </ClCompile>
    <ClCompile Include="..\SDL2-2.0.4\src\libm\k_tan.c">
      <Filter>SDL2</Filter>
    </ClCompile>
    <ClCompile Include="..\SDL2-2.0.4\src\libm\s_atan.c">
      <Filter>SDL2</Filter>
    </ClCompile>
    <ClCompile Include="..\SDL2-2.0.4\src\libm\s_copysign.c">
      <Filter>SDL2</Filter>
    </ClCompile>
    <ClCompile Include="..\SDL2-2.0.4\src\libm\s_cos.c">
      <Filter>SDL2</Filter>
    </ClCompile>
    <ClCompile Include="..\SDL2-2.0.4\src\libm\s_fabs.c">
      <Filter>SDL2</Filter>
    </ClCompile>
    <ClCompile Include="..\SDL2-2.0.4\src\libm\s_floor.c">
      <Filter>SDL2</Filter>
    </ClCompile>
    <ClCompile Include="..\SDL2-2.0.4\src\libm\s_scalbn.c">
      <Filter>SDL2</Filter>
    </ClCompile>
    <ClCompile Include="..\SDL2-2.0.4\src\libm\s_sin.c">
      <Filter>SDL2</Filter>
    </ClCompile>
    <ClCompile Include="..\SDL2-2.0.4\src\libm\s_tan.c">
      <Filter>SDL2</Filter>
    </ClCompile>
    <ClCompile Include="..\SDL2-2.0.4\src\SDL.c">
      <Filter>SDL2</Filter>
    </ClCompile>
    <ClCompile Include="..\SDL2-2.0.4\src\SDL_assert.c">
      <Filter>SDL2</Filter>
    </ClCompile>
    <ClCompile Include="..\SDL2-2.0.4\src\atomic\SDL_atomic.c">
      <Filter>SDL2</Filter>
    </ClCompile>
    <ClCompile Include="..\SDL2-2.0.4\src\audio\SDL_audio.c">
      <Filter>SDL2</Filter>
    </ClCompile>
    <ClCompile Include="..\SDL2-2.0.4\src\audio\SDL_audiocvt.c">
      <Filter>SDL2</Filter>
    </ClCompile>
    <ClCompile Include="..\SDL2-2.0.4\src\audio\SDL_audiodev.c">
      <Filter>SDL2</Filter>
    </ClCompile>
    <ClCompile Include="..\SDL2-2.0.4\src\audio\SDL_audiotypecvt.c">
      <Filter>SDL2</Filter>
    </ClCompile>
    <ClCompile Include="..\SDL2-2.0.4\src\render\software\SDL_blendfillrect.c">
      <Filter>SDL2</Filter>
    </ClCompile>
    <ClCompile Include="..\SDL2-2.0.4\src\render\software\SDL_blendline.c">
      <Filter>SDL2</Filter>
    </ClCompile>
    <ClCompile Include="..\SDL2-2.0.4\src\render\software\SDL_blendpoint.c">
      <Filter>SDL2</Filter>
    </ClCompile>
    <ClCompile Include="..\SDL2-2.0.4\src\video\SDL_blit.c">
      <Filter>SDL2</Filter>
    </ClCompile>
    <ClCompile Include="..\SDL2-2.0.4\src\video\SDL_blit_0.c">
      <Filter>SDL2</Filter>
    </ClCompile>
    <ClCompile Include="..\SDL2-2.0.4\src\video\SDL_blit_1.c">
      <Filter>SDL2</Filter>
    </ClCompile>
    <ClCompile Include="..\SDL2-2.0.4\src\video\SDL_blit_A.c">
      <Filter>SDL2</Filter>
    </ClCompile>
    <ClCompile Include="..\SDL2-2.0.4\src\video\SDL_blit_auto.c">
      <Filter>SDL2</Filter>
    </ClCompile>
    <ClCompile Include="..\SDL2-2.0.4\src\video\SDL_blit_copy.c">
      <Filter>SDL2</Filter>
    </ClCompile>
    <ClCompile Include="..\SDL2-2.0.4\src\video\SDL_blit_N.c">
      <Filter>SDL2</Filter>
    </ClCompile>
    <ClCompile Include="..\SDL2-2.0.4\src\video\SDL_blit_slow.c">
      <Filter>SDL2</Filter>
    </ClCompile>
    <ClCompile Include="..\SDL2-2.0.4\src\video\SDL_bmp.c">
      <Filter>SDL2</Filter>
    </ClCompile>
    <ClCompile Include="..\SDL2-2.0.4\src\video\SDL_clipboard.c">
      <Filter>SDL2</Filter>
    </ClCompile>
    <ClCompile Include="..\SDL2-2.0.4\src\events\SDL_clipboardevents.c">
      <Filter>SDL2</Filter>
    </ClCompile>
    <ClCompile Include="..\SDL2-2.0.4\src\cpuinfo\SDL_cpuinfo.c">
      <Filter>SDL2</Filter>
    </ClCompile>
    <ClCompile Include="..\SDL2-2.0.4\src\render\SDL_d3dmath.c">
      <Filter>SDL2</Filter>
    </ClCompile>
    <ClCompile Include="..\SDL2-2.0.4\src\haptic\windows\SDL_dinputhaptic.c">
      <Filter>SDL2</Filter>
    </ClCompile>
    <ClCompile Include="..\SDL2-2.0.4\src\joystick\windows\SDL_dinputjoystick.c">
      <Filter>SDL2</Filter>
    </ClCompile>
    <ClCompile Include="..\SDL2-2.0.4\src\audio\directsound\SDL_directsound.c">
      <Filter>SDL2</Filter>
    </ClCompile>
    <ClCompile Include="..\SDL2-2.0.4\src\render\software\SDL_drawline.c">
      <Filter>SDL2</Filter>
    </ClCompile>
    <ClCompile Include="..\SDL2-2.0.4\src\render\software\SDL_drawpoint.c">
      <Filter>SDL2</Filter>
    </ClCompile>
    <ClCompile Include="..\SDL2-2.0.4\src\events\SDL_dropevents.c">
      <Filter>SDL2</Filter>
    </ClCompile>
    <ClCompile Include="..\SDL2-2.0.4\src\dynapi\SDL_dynapi.c">
      <Filter>SDL2</Filter>
    </ClCompile>
    <ClCompile Include="..\SDL2-2.0.4\src\video\SDL_egl.c">
      <Filter>SDL2</Filter>
    </ClCompile>
    <ClCompile Include="..\SDL2-2.0.4\src\SDL_error.c">
      <Filter>SDL2</Filter>
    </ClCompile>
    <ClCompile Include="..\SDL2-2.0.4\src\events\SDL_events.c">
      <Filter>SDL2</Filter>
    </ClCompile>
    <ClCompile Include="..\SDL2-2.0.4\src\video\SDL_fillrect.c">
      <Filter>SDL2</Filter>
    </ClCompile>
    <ClCompile Include="..\SDL2-2.0.4\src\joystick\SDL_gamecontroller.c">
      <Filter>SDL2</Filter>
    </ClCompile>
    <ClCompile Include="..\SDL2-2.0.4\src\events\SDL_gesture.c">
      <Filter>SDL2</Filter>
    </ClCompile>
    <ClCompile Include="..\SDL2-2.0.4\src\stdlib\SDL_getenv.c">
      <Filter>SDL2</Filter>
    </ClCompile>
    <ClCompile Include="..\SDL2-2.0.4\src\haptic\SDL_haptic.c">
      <Filter>SDL2</Filter>
    </ClCompile>
    <ClCompile Include="..\SDL2-2.0.4\src\SDL_hints.c">
      <Filter>SDL2</Filter>
    </ClCompile>
    <ClCompile Include="..\SDL2-2.0.4\src\stdlib\SDL_iconv.c">
      <Filter>SDL2</Filter>
    </ClCompile>
    <ClCompile Include="..\SDL2-2.0.4\src\joystick\SDL_joystick.c">
      <Filter>SDL2</Filter>
    </ClCompile>
    <ClCompile Include="..\SDL2-2.0.4\src\events\SDL_keyboard.c">
      <Filter>SDL2</Filter>
    </ClCompile>
    <ClCompile Include="..\SDL2-2.0.4\src\SDL_log.c">
      <Filter>SDL2</Filter>
    </ClCompile>
    <ClCompile Include="..\SDL2-2.0.4\src\stdlib\SDL_malloc.c">
      <Filter>SDL2</Filter>
    </ClCompile>
    <ClCompile Include="..\SDL2-2.0.4\src\audio\SDL_mixer.c">
      <Filter>SDL2</Filter>
    </ClCompile>
    <ClCompile Include="..\SDL2-2.0.4\src\joystick\windows\SDL_mmjoystick.c">
      <Filter>SDL2</Filter>
    </ClCompile>
    <ClCompile Include="..\SDL2-2.0.4\src\events\SDL_mouse.c">
      <Filter>SDL2</Filter>
    </ClCompile>
    <ClCompile Include="..\SDL2-2.0.4\src\video\dummy\SDL_nullevents.c">
      <Filter>SDL2</Filter>
    </ClCompile>
    <ClCompile Include="..\SDL2-2.0.4\src\video\dummy\SDL_nullframebuffer.c">
      <Filter>SDL2</Filter>
    </ClCompile>
    <ClCompile Include="..\SDL2-2.0.4\src\video\dummy\SDL_nullvideo.c">
      <Filter>SDL2</Filter>
    </ClCompile>
    <ClCompile Include="..\SDL2-2.0.4\src\video\SDL_pixels.c">
      <Filter>SDL2</Filter>
    </ClCompile>
    <ClCompile Include="..\SDL2-2.0.4\src\power\SDL_power.c">
      <Filter>SDL2</Filter>
    </ClCompile>
    <ClCompile Include="..\SDL2-2.0.4\src\stdlib\SDL_qsort.c">
      <Filter>SDL2</Filter>
    </ClCompile>
    <ClCompile Include="..\SDL2-2.0.4\src\events\SDL_quit.c">
      <Filter>SDL2</Filter>
    </ClCompile>
    <ClCompile Include="..\SDL2-2.0.4\src\video\SDL_rect.c">
      <Filter>SDL2</Filter>
    </ClCompile>
    <ClCompile Include="..\SDL2-2.0.4\src\render\SDL_render.c">
      <Filter>SDL2</Filter>
    </ClCompile>
    <ClCompile Include="..\SDL2-2.0.4\src\render\direct3d\SDL_render_d3d.c">
      <Filter>SDL2</Filter>
    </ClCompile>
    <ClCompile Include="..\SDL2-2.0.4\src\render\direct3d11\SDL_render_d3d11.c">
      <Filter>SDL2</Filter>
    </ClCompile>
    <ClCompile Include="..\SDL2-2.0.4\src\render\opengl\SDL_render_gl.c">
      <Filter>SDL2</Filter>
    </ClCompile>
    <ClCompile Include="..\SDL2-2.0.4\src\render\opengles\SDL_render_gles.c">
      <Filter>SDL2</Filter>
    </ClCompile>
    <ClCompile Include="..\SDL2-2.0.4\src\render\opengles2\SDL_render_gles2.c">
      <Filter>SDL2</Filter>
    </ClCompile>
    <ClCompile Include="..\SDL2-2.0.4\src\render\psp\SDL_render_psp.c">
      <Filter>SDL2</Filter>
    </ClCompile>
    <ClCompile Include="..\SDL2-2.0.4\src\render\software\SDL_render_sw.c">
      <Filter>SDL2</Filter>
    </ClCompile>
    <ClCompile Include="..\SDL2-2.0.4\src\video\SDL_RLEaccel.c">
      <Filter>SDL2</Filter>
    </ClCompile>
    <ClCompile Include="..\SDL2-2.0.4\src\render\software\SDL_rotate.c">
      <Filter>SDL2</Filter>
    </ClCompile>
    <ClCompile Include="..\SDL2-2.0.4\src\file\SDL_rwops.c">
      <Filter>SDL2</Filter>
    </ClCompile>
    <ClCompile Include="..\SDL2-2.0.4\src\render\opengl\SDL_shaders_gl.c">
      <Filter>SDL2</Filter>
    </ClCompile>
    <ClCompile Include="..\SDL2-2.0.4\src\render\opengles2\SDL_shaders_gles2.c">
      <Filter>SDL2</Filter>
    </ClCompile>
    <ClCompile Include="..\SDL2-2.0.4\src\video\SDL_shape.c">
      <Filter>SDL2</Filter>
    </ClCompile>
    <ClCompile Include="..\SDL2-2.0.4\src\atomic\SDL_spinlock.c">
      <Filter>SDL2</Filter>
    </ClCompile>
    <ClCompile Include="..\SDL2-2.0.4\src\stdlib\SDL_stdlib.c">
      <Filter>SDL2</Filter>
    </ClCompile>
    <ClCompile Include="..\SDL2-2.0.4\src\video\SDL_stretch.c">
      <Filter>SDL2</Filter>
    </ClCompile>
    <ClCompile Include="..\SDL2-2.0.4\src\stdlib\SDL_string.c">
      <Filter>SDL2</Filter>
    </ClCompile>
    <ClCompile Include="..\SDL2-2.0.4\src\video\SDL_surface.c">
      <Filter>SDL2</Filter>
    </ClCompile>
    <ClCompile Include="..\SDL2-2.0.4\src\thread\generic\SDL_syscond.c">
      <Filter>SDL2</Filter>
    </ClCompile>
    <ClCompile Include="..\SDL2-2.0.4\src\filesystem\windows\SDL_sysfilesystem.c">
      <Filter>SDL2</Filter>
    </ClCompile>
    <ClCompile Include="..\SDL2-2.0.4\src\loadso\windows\SDL_sysloadso.c">
      <Filter>SDL2</Filter>
    </ClCompile>
    <ClCompile Include="..\SDL2-2.0.4\src\thread\windows\SDL_sysmutex.c">
      <Filter>SDL2</Filter>
    </ClCompile>
    <ClCompile Include="..\SDL2-2.0.4\src\power\windows\SDL_syspower.c">
      <Filter>SDL2</Filter>
    </ClCompile>
    <ClCompile Include="..\SDL2-2.0.4\src\thread\windows\SDL_syssem.c">
      <Filter>SDL2</Filter>
    </ClCompile>
    <ClCompile Include="..\SDL2-2.0.4\src\thread\windows\SDL_systhread.c">
      <Filter>SDL2</Filter>
    </ClCompile>
    <ClCompile Include="..\SDL2-2.0.4\src\timer\windows\SDL_systimer.c">
      <Filter>SDL2</Filter>
    </ClCompile>
    <ClCompile Include="..\SDL2-2.0.4\src\thread\windows\SDL_systls.c">
      <Filter>SDL2</Filter>
    </ClCompile>
    <ClCompile Include="..\SDL2-2.0.4\src\thread\SDL_thread.c">
      <Filter>SDL2</Filter>
    </ClCompile>
    <ClCompile Include="..\SDL2-2.0.4\src\timer\SDL_timer.c">
      <Filter>SDL2</Filter>
    </ClCompile>
    <ClCompile Include="..\SDL2-2.0.4\src\events\SDL_touch.c">
      <Filter>SDL2</Filter>
    </ClCompile>
    <ClCompile Include="..\SDL2-2.0.4\src\audio\SDL_wave.c">
      <Filter>SDL2</Filter>
    </ClCompile>
    <ClCompile Include="..\SDL2-2.0.4\src\video\SDL_video.c">
      <Filter>SDL2</Filter>
    </ClCompile>
    <ClCompile Include="..\SDL2-2.0.4\src\events\SDL_windowevents.c">
      <Filter>SDL2</Filter>
    </ClCompile>
    <ClCompile Include="..\SDL2-2.0.4\src\core\windows\SDL_windows.c">
      <Filter>SDL2</Filter>
    </ClCompile>
    <ClCompile Include="..\SDL2-2.0.4\src\video\windows\SDL_windowsclipboard.c">
      <Filter>SDL2</Filter>
    </ClCompile>
    <ClCompile Include="..\SDL2-2.0.4\src\video\windows\SDL_windowsevents.c">
      <Filter>SDL2</Filter>
    </ClCompile>
    <ClCompile Include="..\SDL2-2.0.4\src\video\windows\SDL_windowsframebuffer.c">
      <Filter>SDL2</Filter>
    </ClCompile>
    <ClCompile Include="..\SDL2-2.0.4\src\haptic\windows\SDL_windowshaptic.c">
      <Filter>SDL2</Filter>
    </ClCompile>
    <ClCompile Include="..\SDL2-2.0.4\src\joystick\windows\SDL_windowsjoystick.c">
      <Filter>SDL2</Filter>
    </ClCompile>
    <ClCompile Include="..\SDL2-2.0.4\src\video\windows\SDL_windowskeyboard.c">
      <Filter>SDL2</Filter>
    </ClCompile>
    <ClCompile Include="..\SDL2-2.0.4\src\video\windows\SDL_windowsmessagebox.c">
      <Filter>SDL2</Filter>
    </ClCompile>
    <ClCompile Include="..\SDL2-2.0.4\src\video\windows\SDL_windowsmodes.c">
      <Filter>SDL2</Filter>
    </ClCompile>
    <ClCompile Include="..\SDL2-2.0.4\src\video\windows\SDL_windowsmouse.c">
      <Filter>SDL2</Filter>
    </ClCompile>
    <ClCompile Include="..\SDL2-2.0.4\src\video\windows\SDL_windowsopengl.c">
      <Filter>SDL2</Filter>
    </ClCompile>
    <ClCompile Include="..\SDL2-2.0.4\src\video\windows\SDL_windowsopengles.c">
      <Filter>SDL2</Filter>
    </ClCompile>
    <ClCompile Include="..\SDL2-2.0.4\src\video\windows\SDL_windowsshape.c">
      <Filter>SDL2</Filter>
    </ClCompile>
    <ClCompile Include="..\SDL2-2.0.4\src\video\windows\SDL_windowsvideo.c">
      <Filter>SDL2</Filter>
    </ClCompile>
    <ClCompile Include="..\SDL2-2.0.4\src\video\windows\SDL_windowswindow.c">
      <Filter>SDL2</Filter>
    </ClCompile>
    <ClCompile Include="..\SDL2-2.0.4\src\audio\winmm\SDL_winmm.c">
      <Filter>SDL2</Filter>
    </ClCompile>
    <ClCompile Include="..\SDL2-2.0.4\src\core\windows\SDL_xinput.c">
      <Filter>SDL2</Filter>
    </ClCompile>
    <ClCompile Include="..\SDL2-2.0.4\src\haptic\windows\SDL_xinputhaptic.c">
      <Filter>SDL2</Filter>
    </ClCompile>
    <ClCompile Include="..\SDL2-2.0.4\src\joystick\windows\SDL_xinputjoystick.c">
      <Filter>SDL2</Filter>
    </ClCompile>
    <ClCompile Include="..\SDL2-2.0.4\src\render\SDL_yuv_mmx.c">
      <Filter>SDL2</Filter>
    </ClCompile>
    <ClCompile Include="..\SDL2-2.0.4\src\render\SDL_yuv_sw.c">
      <Filter>SDL2</Filter>
    </ClCompile>
    <ClCompile Include="..\SDL2-2.0.4\src\main\windows\SDL_windows_main.c">
      <Filter>SDL2main</Filter>
    </ClCompile>
    <ClCompile Include="..\SDL2_image-2.0.1\IMG.c">
      <Filter>SDL2image</Filter>
    </ClCompile>
    <ClCompile Include="..\SDL2_image-2.0.1\IMG_bmp.c">
      <Filter>SDL2image</Filter>
    </ClCompile>
    <ClCompile Include="..\SDL2_image-2.0.1\IMG_gif.c">
      <Filter>SDL2image</Filter>
    </ClCompile>
    <ClCompile Include="..\SDL2_image-2.0.1\IMG_jpg.c">
      <Filter>SDL2image</Filter>
    </ClCompile>
    <ClCompile Include="..\SDL2_image-2.0.1\IMG_lbm.c">
      <Filter>SDL2image</Filter>
    </ClCompile>
    <ClCompile Include="..\SDL2_image-2.0.1\IMG_pcx.c">
      <Filter>SDL2image</Filter>
    </ClCompile>
    <ClCompile Include="..\SDL2_image-2.0.1\IMG_png.c">
      <Filter>SDL2image</Filter>
    </ClCompile>
    <ClCompile Include="..\SDL2_image-2.0.1\IMG_pnm.c">
      <Filter>SDL2image</Filter>
    </ClCompile>
    <ClCompile Include="..\SDL2_image-2.0.1\IMG_tga.c">
      <Filter>SDL2image</Filter>
    </ClCompile>
    <ClCompile Include="..\SDL2_image-2.0.1\IMG_tif.c">
      <Filter>SDL2image</Filter>
    </ClCompile>
    <ClCompile Include="..\SDL2_image-2.0.1\IMG_webp.c">
      <Filter>SDL2image</Filter>
    </ClCompile>
    <ClCompile Include="..\SDL2_image-2.0.1\IMG_xcf.c">
      <Filter>SDL2image</Filter>
    </ClCompile>
    <ClCompile Include="..\SDL2_image-2.0.1\IMG_xpm.c">
      <Filter>SDL2image</Filter>
    </ClCompile>
    <ClCompile Include="..\SDL2_image-2.0.1\IMG_xv.c">
      <Filter>SDL2image</Filter>
    </ClCompile>
    <ClCompile Include="..\SDL2_image-2.0.1\IMG_xxx.c">
      <Filter>SDL2image</Filter>
    </ClCompile>
    <ClCompile Include="..\glew-1.13.0\src\glew.c">
      <Filter>glew</Filter>
    </ClCompile>
    <ClCompile Include="..\zlib-1.2.8\adler32.c">
      <Filter>zlib</Filter>
    </ClCompile>
    <ClCompile Include="..\zlib-1.2.8\compress.c">
      <Filter>zlib</Filter>
    </ClCompile>
    <ClCompile Include="..\zlib-1.2.8\crc32.c">
      <Filter>zlib</Filter>
    </ClCompile>
    <ClCompile Include="..\zlib-1.2.8\deflate.c">
      <Filter>zlib</Filter>
    </ClCompile>
    <ClCompile Include="..\zlib-1.2.8\gzclose.c">
      <Filter>zlib</Filter>
    </ClCompile>
    <ClCompile Include="..\zlib-1.2.8\gzlib.c">
      <Filter>zlib</Filter>
    </ClCompile>
    <ClCompile Include="..\zlib-1.2.8\gzread.c">
      <Filter>zlib</Filter>
    </ClCompile>
    <ClCompile Include="..\zlib-1.2.8\gzwrite.c">
      <Filter>zlib</Filter>
    </ClCompile>
    <ClCompile Include="..\zlib-1.2.8\infback.c">
      <Filter>zlib</Filter>
    </ClCompile>
    <ClCompile Include="..\zlib-1.2.8\inffast.c">
      <Filter>zlib</Filter>
    </ClCompile>
    <ClCompile Include="..\zlib-1.2.8\inflate.c">
      <Filter>zlib</Filter>
    </ClCompile>
    <ClCompile Include="..\zlib-1.2.8\inftrees.c">
      <Filter>zlib</Filter>
    </ClCompile>
    <ClCompile Include="..\zlib-1.2.8\trees.c">
      <Filter>zlib</Filter>
    </ClCompile>
    <ClCompile Include="..\zlib-1.2.8\uncompr.c">
      <Filter>zlib</Filter>
    </ClCompile>
    <ClCompile Include="..\zlib-1.2.8\zutil.c">
      <Filter>zlib</Filter>
    </ClCompile>
    <ClCompile Include="..\lpng1621\png.c">
      <Filter>libpng</Filter>
    </ClCompile>
    <ClCompile Include="..\lpng1621\pngerror.c">
      <Filter>libpng</Filter>
    </ClCompile>
    <ClCompile Include="..\lpng1621\pngget.c">
      <Filter>libpng</Filter>
    </ClCompile>
    <ClCompile Include="..\lpng1621\pngmem.c">
      <Filter>libpng</Filter>
    </ClCompile>
    <ClCompile Include="..\lpng1621\pngpread.c">
      <Filter>libpng</Filter>
    </ClCompile>
    <ClCompile Include="..\lpng1621\pngread.c">
      <Filter>libpng</Filter>
    </ClCompile>
    <ClCompile Include="..\lpng1621\pngrio.c">
      <Filter>libpng</Filter>
    </ClCompile>
    <ClCompile Include="..\lpng1621\pngrtran.c">
      <Filter>libpng</Filter>
    </ClCompile>
    <ClCompile Include="..\lpng1621\pngrutil.c">
      <Filter>libpng</Filter>
    </ClCompile>
    <ClCompile Include="..\lpng1621\pngset.c">
      <Filter>libpng</Filter>
    </ClCompile>
    <ClCompile Include="..\lpng1621\pngtrans.c">
      <Filter>libpng</Filter>
    </ClCompile>
    <ClCompile Include="..\lpng1621\pngwio.c">
      <Filter>libpng</Filter>
    </ClCompile>
    <ClCompile Include="..\lpng1621\pngwrite.c">
      <Filter>libpng</Filter>
    </ClCompile>
    <ClCompile Include="..\lpng1621\pngwtran.c">
      <Filter>libpng</Filter>
    </ClCompile>
    <ClCompile Include="..\lpng1621\pngwutil.c">
      <Filter>libpng</Filter>
    </ClCompile>
    <ClCompile Include="SGL.c">
      <Filter>SGL</Filter>
    </ClCompile>
  </ItemGroup>
  <ItemGroup>
    <Filter Include="SDL2">
      <UniqueIdentifier>{b72a1743-82a8-4629-8b86-f499ee63da4e}</UniqueIdentifier>
    </Filter>
    <Filter Include="zlib">
      <UniqueIdentifier>{ae8a2c50-6456-4e7a-9e76-105d2dbe48f1}</UniqueIdentifier>
    </Filter>
    <Filter Include="libpng">
      <UniqueIdentifier>{1481686d-6947-43fe-93fa-72beba03a55c}</UniqueIdentifier>
    </Filter>
    <Filter Include="SGL">
      <UniqueIdentifier>{90546125-0116-436e-9aa9-61afd4200b94}</UniqueIdentifier>
    </Filter>
    <Filter Include="SDL2main">
      <UniqueIdentifier>{ed744df1-aeb2-4d1a-b9bd-f523149bbe0e}</UniqueIdentifier>
    </Filter>
    <Filter Include="SDL2image">
      <UniqueIdentifier>{fff19e7d-1d8f-4313-87ff-9a1f00c65711}</UniqueIdentifier>
    </Filter>
    <Filter Include="glew">
      <UniqueIdentifier>{430c7aaf-697b-4cb4-9318-30cc90e1c5da}</UniqueIdentifier>
    </Filter>
  </ItemGroup>
  <ItemGroup>
    <ClInclude Include="SGL.h">
      <Filter>SGL</Filter>
    </ClInclude>
    <ClInclude Include="SGL_window.h">
      <Filter>SGL</Filter>
    </ClInclude>
  </ItemGroup>
</Project>